
Microsoft Visual Studio Solution File, Format Version 12.00
# Visual Studio Version 17
VisualStudioVersion = 17.8.34309.116
MinimumVisualStudioVersion = 10.0.40219.1
Project("{FAE04EC0-301F-11D3-BF4B-00C04F79EFBC}") = "CalculadoraBinance", "CalculadoraDegiro\CalculadoraBinance.csproj", "{29134269-1E21-4679-B46B-19F08BD4083D}"
EndProject
Global
	GlobalSection(SolutionConfigurationPlatforms) = preSolution
		Debug|Any CPU = Debug|Any CPU
		Release|Any CPU = Release|Any CPU
	EndGlobalSection
	GlobalSection(ProjectConfigurationPlatforms) = postSolution
		{29134269-1E21-4679-B46B-19F08BD4083D}.Debug|Any CPU.ActiveCfg = Debug|Any CPU
		{29134269-1E21-4679-B46B-19F08BD4083D}.Debug|Any CPU.Build.0 = Debug|Any CPU
		{29134269-1E21-4679-B46B-19F08BD4083D}.Release|Any CPU.ActiveCfg = Release|Any CPU
		{29134269-1E21-4679-B46B-19F08BD4083D}.Release|Any CPU.Build.0 = Release|Any CPU
	EndGlobalSection
	GlobalSection(SolutionProperties) = preSolution
		HideSolutionNode = FALSE
	EndGlobalSection
	GlobalSection(ExtensibilityGlobals) = postSolution
		SolutionGuid = {9F4D4CDE-0037-46BA-87F3-F832ACF9A6B8}
	EndGlobalSection
EndGlobal
